
Microsoft Visual Studio Solution File, Format Version 12.00
# Visual Studio Version 17
VisualStudioVersion = 17.11.35222.181
MinimumVisualStudioVersion = 10.0.40219.1
Project("{FAE04EC0-301F-11D3-BF4B-00C04F79EFBC}") = "D241007 13B Vinklárik Péter CS3", "D241007 13B Vinklárik Péter CS3.csproj", "{F1BE1B00-C255-4076-AD2D-59DD1D59EFD3}"
EndProject
Global
	GlobalSection(SolutionConfigurationPlatforms) = preSolution
		Debug|Any CPU = Debug|Any CPU
		Release|Any CPU = Release|Any CPU
	EndGlobalSection
	GlobalSection(ProjectConfigurationPlatforms) = postSolution
		{F1BE1B00-C255-4076-AD2D-59DD1D59EFD3}.Debug|Any CPU.ActiveCfg = Debug|Any CPU
		{F1BE1B00-C255-4076-AD2D-59DD1D59EFD3}.Debug|Any CPU.Build.0 = Debug|Any CPU
		{F1BE1B00-C255-4076-AD2D-59DD1D59EFD3}.Release|Any CPU.ActiveCfg = Release|Any CPU
		{F1BE1B00-C255-4076-AD2D-59DD1D59EFD3}.Release|Any CPU.Build.0 = Release|Any CPU
	EndGlobalSection
	GlobalSection(SolutionProperties) = preSolution
		HideSolutionNode = FALSE
	EndGlobalSection
	GlobalSection(ExtensibilityGlobals) = postSolution
		SolutionGuid = {079B9F37-DC20-40CA-ADF8-10DB55810946}
	EndGlobalSection
EndGlobal
